// !$*UTF8*$!
{
	archiveVersion = 1;
	classes = {
	};
	objectVersion = 50;
	objects = {

/* Begin PBXBuildFile section */
		D0112D9E283C28D600FA8378 /* ch10_000_main.cpp in Sources */ = {isa = PBXBuildFile; fileRef = D0112D9D283C28D600FA8378 /* ch10_000_main.cpp */; };
		D0112DA7283C28E200FA8378 /* ch10_drills.cpp in Sources */ = {isa = PBXBuildFile; fileRef = D0112DA2283C28E200FA8378 /* ch10_drills.cpp */; };
		D0112DAF283C318300FA8378 /* Calculator_v00.cpp in Sources */ = {isa = PBXBuildFile; fileRef = D0112DAE283C318300FA8378 /* Calculator_v00.cpp */; };
		D027EF3D2838302100BF3622 /* ch03_000_main.cpp in Sources */ = {isa = PBXBuildFile; fileRef = D027EF3C2838302100BF3622 /* ch03_000_main.cpp */; };
		D027EF41283830F200BF3622 /* ch03_drills.cpp in Sources */ = {isa = PBXBuildFile; fileRef = D027EF3328382EF100BF3622 /* ch03_drills.cpp */; };
		D027EF43283830F200BF3622 /* ch03_tt_p68.cpp in Sources */ = {isa = PBXBuildFile; fileRef = D027EF3228382EF100BF3622 /* ch03_tt_p68.cpp */; };
		D027EF44283830F200BF3622 /* ch03_tt_p65.cpp in Sources */ = {isa = PBXBuildFile; fileRef = D027EF3128382EF100BF3622 /* ch03_tt_p65.cpp */; };
		D027EF45283830F200BF3622 /* ch03_tt_p81.cpp in Sources */ = {isa = PBXBuildFile; fileRef = D027EF3528382EF100BF3622 /* ch03_tt_p81.cpp */; };
		D027EF46283830F200BF3622 /* ch03_tt_p75.cpp in Sources */ = {isa = PBXBuildFile; fileRef = D027EF2E28382EF100BF3622 /* ch03_tt_p75.cpp */; };
		D0E1DF7A28383E00007FFFB1 /* ch04_000_main.cpp in Sources */ = {isa = PBXBuildFile; fileRef = D0E1DF7928383E00007FFFB1 /* ch04_000_main.cpp */; };
		D0E1DF8928383E2A007FFFB1 /* ch04_drill_6_to_11.cpp in Sources */ = {isa = PBXBuildFile; fileRef = D0E1DF8828383E29007FFFB1 /* ch04_drill_6_to_11.cpp */; };
		D0E1DF8A28383E2A007FFFB1 /* ch04_tt_p125.cpp in Sources */ = {isa = PBXBuildFile; fileRef = D0E1DF8128383E29007FFFB1 /* ch04_tt_p125.cpp */; };
		D0E1DF8B28383E2A007FFFB1 /* ch04_tt_p116.cpp in Sources */ = {isa = PBXBuildFile; fileRef = D0E1DF8028383E29007FFFB1 /* ch04_tt_p116.cpp */; };
		D0E1DF8C28383E2A007FFFB1 /* ch04_drill_1_to_5.cpp in Sources */ = {isa = PBXBuildFile; fileRef = D0E1DF8328383E29007FFFB1 /* ch04_drill_1_to_5.cpp */; };
		D0E1DF8D28383E2A007FFFB1 /* ch04_tt_p105.cpp in Sources */ = {isa = PBXBuildFile; fileRef = D0E1DF7F28383E29007FFFB1 /* ch04_tt_p105.cpp */; };
		D0E1DF8F28383E2A007FFFB1 /* ch04_tt_p109.cpp in Sources */ = {isa = PBXBuildFile; fileRef = D0E1DF8228383E29007FFFB1 /* ch04_tt_p109.cpp */; };
		D0E1DF9028383E2A007FFFB1 /* ch04_tt_p113.cpp in Sources */ = {isa = PBXBuildFile; fileRef = D0E1DF8528383E29007FFFB1 /* ch04_tt_p113.cpp */; };
		D0E1DF9128383E2A007FFFB1 /* ch04_tt_p11.cpp in Sources */ = {isa = PBXBuildFile; fileRef = D0E1DF7E28383E29007FFFB1 /* ch04_tt_p11.cpp */; };
		D0E1DF9928385635007FFFB1 /* ch05_000_main.cpp in Sources */ = {isa = PBXBuildFile; fileRef = D0E1DF9828385635007FFFB1 /* ch05_000_main.cpp */; };
		D0E1DFA728385653007FFFB1 /* ch05_tt_p157.cpp in Sources */ = {isa = PBXBuildFile; fileRef = D0E1DF9D28385652007FFFB1 /* ch05_tt_p157.cpp */; };
		D0E1DFA828385653007FFFB1 /* ch05_tt_p155_p156.cpp in Sources */ = {isa = PBXBuildFile; fileRef = D0E1DFA428385653007FFFB1 /* ch05_tt_p155_p156.cpp */; };
		D0E1DFAA28385653007FFFB1 /* ch05_tt_p153.cpp in Sources */ = {isa = PBXBuildFile; fileRef = D0E1DFA328385653007FFFB1 /* ch05_tt_p153.cpp */; };
		D0E1DFAB28385653007FFFB1 /* ch05_drill.cpp in Sources */ = {isa = PBXBuildFile; fileRef = D0E1DFA528385653007FFFB1 /* ch05_drill.cpp */; };
		D0E1DFAC28385653007FFFB1 /* ch05_tt_p166.cpp in Sources */ = {isa = PBXBuildFile; fileRef = D0E1DF9E28385652007FFFB1 /* ch05_tt_p166.cpp */; };
		D0E1DFAD28385653007FFFB1 /* ch05_tt_p146.cpp in Sources */ = {isa = PBXBuildFile; fileRef = D0E1DF9F28385652007FFFB1 /* ch05_tt_p146.cpp */; };
		D0E1DFAE28385653007FFFB1 /* ch05_tt_p138_p139.cpp in Sources */ = {isa = PBXBuildFile; fileRef = D0E1DFA028385652007FFFB1 /* ch05_tt_p138_p139.cpp */; };
		D0E1DFB62838589D007FFFB1 /* ch06_drills.cpp in Sources */ = {isa = PBXBuildFile; fileRef = D0E1DFB52838589D007FFFB1 /* ch06_drills.cpp */; };
		D0E1DFC428385CF8007FFFB1 /* ch07_000_main.cpp in Sources */ = {isa = PBXBuildFile; fileRef = D0E1DFC328385CF8007FFFB1 /* ch07_000_main.cpp */; };
		D0E1DFCE28385D00007FFFB1 /* ch07_drill.cpp in Sources */ = {isa = PBXBuildFile; fileRef = D0E1DFCC28385D00007FFFB1 /* ch07_drill.cpp */; };
		D0E1DFCF28385D00007FFFB1 /* ch07_calculator08buggy.cpp in Sources */ = {isa = PBXBuildFile; fileRef = D0E1DFCD28385D00007FFFB1 /* ch07_calculator08buggy.cpp */; };
		D0E1DFD028385D00007FFFB1 /* ch07_tt.cpp in Sources */ = {isa = PBXBuildFile; fileRef = D0E1DFC828385D00007FFFB1 /* ch07_tt.cpp */; };
		D0E1DFD9283863BC007FFFB1 /* ch08_000_main.cpp in Sources */ = {isa = PBXBuildFile; fileRef = D0E1DFD8283863BC007FFFB1 /* ch08_000_main.cpp */; };
		D0E1DFE52838644B007FFFB1 /* ch08_drill_02.cpp in Sources */ = {isa = PBXBuildFile; fileRef = D0E1DFE12838644B007FFFB1 /* ch08_drill_02.cpp */; };
		D0E1DFE62838644B007FFFB1 /* ch08_drill_03.cpp in Sources */ = {isa = PBXBuildFile; fileRef = D0E1DFE22838644B007FFFB1 /* ch08_drill_03.cpp */; };
		D0E1DFE82838644B007FFFB1 /* ch08_drill_01.cpp in Sources */ = {isa = PBXBuildFile; fileRef = D0E1DFE02838644B007FFFB1 /* ch08_drill_01.cpp */; };
		D0E1DFE92838644B007FFFB1 /* my.cpp in Sources */ = {isa = PBXBuildFile; fileRef = D0E1DFE42838644B007FFFB1 /* my.cpp */; };
		D0E1DFF1283867FF007FFFB1 /* ch09_000_main.cpp in Sources */ = {isa = PBXBuildFile; fileRef = D0E1DFF0283867FF007FFFB1 /* ch09_000_main.cpp */; };
		D0E1DFFE2838680A007FFFB1 /* ch09_drill_02.cpp in Sources */ = {isa = PBXBuildFile; fileRef = D0E1DFF728386809007FFFB1 /* ch09_drill_02.cpp */; };
		D0E1E0002838680A007FFFB1 /* ch09_drill_03.cpp in Sources */ = {isa = PBXBuildFile; fileRef = D0E1DFFD2838680A007FFFB1 /* ch09_drill_03.cpp */; };
		D0E1E0012838680A007FFFB1 /* ch09_drill_05.cpp in Sources */ = {isa = PBXBuildFile; fileRef = D0E1DFFB2838680A007FFFB1 /* ch09_drill_05.cpp */; };
		D0E1E0022838680A007FFFB1 /* ch09_drill_01.cpp in Sources */ = {isa = PBXBuildFile; fileRef = D0E1DFFC2838680A007FFFB1 /* ch09_drill_01.cpp */; };
		D0E1E0032838680A007FFFB1 /* ch09_chrono.cpp in Sources */ = {isa = PBXBuildFile; fileRef = D0E1DFF828386809007FFFB1 /* ch09_chrono.cpp */; };
		D0E1E0042838680A007FFFB1 /* ch09_drill_04.cpp in Sources */ = {isa = PBXBuildFile; fileRef = D0E1DFF92838680A007FFFB1 /* ch09_drill_04.cpp */; };
/* End PBXBuildFile section */

/* Begin PBXCopyFilesBuildPhase section */
		D0112D99283C28D600FA8378 /* CopyFiles */ = {
			isa = PBXCopyFilesBuildPhase;
			buildActionMask = 2147483647;
			dstPath = /usr/share/man/man1/;
			dstSubfolderSpec = 0;
			files = (
			);
			runOnlyForDeploymentPostprocessing = 1;
		};
		D0112DAA283C318300FA8378 /* CopyFiles */ = {
			isa = PBXCopyFilesBuildPhase;
			buildActionMask = 2147483647;
			dstPath = /usr/share/man/man1/;
			dstSubfolderSpec = 0;
			files = (
			);
			runOnlyForDeploymentPostprocessing = 1;
		};
		D027EF382838302100BF3622 /* CopyFiles */ = {
			isa = PBXCopyFilesBuildPhase;
			buildActionMask = 2147483647;
			dstPath = /usr/share/man/man1/;
			dstSubfolderSpec = 0;
			files = (
			);
			runOnlyForDeploymentPostprocessing = 1;
		};
		D0E1DF7528383E00007FFFB1 /* CopyFiles */ = {
			isa = PBXCopyFilesBuildPhase;
			buildActionMask = 2147483647;
			dstPath = /usr/share/man/man1/;
			dstSubfolderSpec = 0;
			files = (
			);
			runOnlyForDeploymentPostprocessing = 1;
		};
		D0E1DF9428385635007FFFB1 /* CopyFiles */ = {
			isa = PBXCopyFilesBuildPhase;
			buildActionMask = 2147483647;
			dstPath = /usr/share/man/man1/;
			dstSubfolderSpec = 0;
			files = (
			);
			runOnlyForDeploymentPostprocessing = 1;
		};
		D0E1DFB12838589D007FFFB1 /* CopyFiles */ = {
			isa = PBXCopyFilesBuildPhase;
			buildActionMask = 2147483647;
			dstPath = /usr/share/man/man1/;
			dstSubfolderSpec = 0;
			files = (
			);
			runOnlyForDeploymentPostprocessing = 1;
		};
		D0E1DFBF28385CF8007FFFB1 /* CopyFiles */ = {
			isa = PBXCopyFilesBuildPhase;
			buildActionMask = 2147483647;
			dstPath = /usr/share/man/man1/;
			dstSubfolderSpec = 0;
			files = (
			);
			runOnlyForDeploymentPostprocessing = 1;
		};
		D0E1DFD4283863BC007FFFB1 /* CopyFiles */ = {
			isa = PBXCopyFilesBuildPhase;
			buildActionMask = 2147483647;
			dstPath = /usr/share/man/man1/;
			dstSubfolderSpec = 0;
			files = (
			);
			runOnlyForDeploymentPostprocessing = 1;
		};
		D0E1DFEC283867FF007FFFB1 /* CopyFiles */ = {
			isa = PBXCopyFilesBuildPhase;
			buildActionMask = 2147483647;
			dstPath = /usr/share/man/man1/;
			dstSubfolderSpec = 0;
			files = (
			);
			runOnlyForDeploymentPostprocessing = 1;
		};
/* End PBXCopyFilesBuildPhase section */

/* Begin PBXFileReference section */
		D0112D9B283C28D600FA8378 /* Chapter 10 */ = {isa = PBXFileReference; explicitFileType = "compiled.mach-o.executable"; includeInIndex = 0; path = "Chapter 10"; sourceTree = BUILT_PRODUCTS_DIR; };
		D0112D9D283C28D600FA8378 /* ch10_000_main.cpp */ = {isa = PBXFileReference; lastKnownFileType = sourcecode.cpp.cpp; path = ch10_000_main.cpp; sourceTree = "<group>"; };
		D0112DA2283C28E200FA8378 /* ch10_drills.cpp */ = {isa = PBXFileReference; lastKnownFileType = sourcecode.cpp.cpp; path = ch10_drills.cpp; sourceTree = "<group>"; };
		D0112DA4283C28E200FA8378 /* points.txt */ = {isa = PBXFileReference; lastKnownFileType = text; path = points.txt; sourceTree = "<group>"; };
		D0112DA5283C28E200FA8378 /* ch10_000_main.h */ = {isa = PBXFileReference; lastKnownFileType = sourcecode.c.h; path = ch10_000_main.h; sourceTree = "<group>"; };
		D0112DAC283C318300FA8378 /* Calculator */ = {isa = PBXFileReference; explicitFileType = "compiled.mach-o.executable"; includeInIndex = 0; path = Calculator; sourceTree = BUILT_PRODUCTS_DIR; };
		D0112DAE283C318300FA8378 /* Calculator_v00.cpp */ = {isa = PBXFileReference; lastKnownFileType = sourcecode.cpp.cpp; path = Calculator_v00.cpp; sourceTree = "<group>"; };
		D0112DB3283C318C00FA8378 /* std_lib_facilities.h */ = {isa = PBXFileReference; lastKnownFileType = sourcecode.c.h; path = std_lib_facilities.h; sourceTree = "<group>"; };
		D0112DB6283C359B00FA8378 /* .gitignore */ = {isa = PBXFileReference; lastKnownFileType = text; path = .gitignore; sourceTree = "<group>"; };
		D027EF2E28382EF100BF3622 /* ch03_tt_p75.cpp */ = {isa = PBXFileReference; lastKnownFileType = sourcecode.cpp.cpp; path = ch03_tt_p75.cpp; sourceTree = "<group>"; };
		D027EF2F28382EF100BF3622 /* std_lib_facilities.h */ = {isa = PBXFileReference; lastKnownFileType = sourcecode.c.h; path = std_lib_facilities.h; sourceTree = "<group>"; };
		D027EF3028382EF100BF3622 /* ch03_000_main.h */ = {isa = PBXFileReference; lastKnownFileType = sourcecode.c.h; path = ch03_000_main.h; sourceTree = "<group>"; };
		D027EF3128382EF100BF3622 /* ch03_tt_p65.cpp */ = {isa = PBXFileReference; lastKnownFileType = sourcecode.cpp.cpp; path = ch03_tt_p65.cpp; sourceTree = "<group>"; };
		D027EF3228382EF100BF3622 /* ch03_tt_p68.cpp */ = {isa = PBXFileReference; lastKnownFileType = sourcecode.cpp.cpp; path = ch03_tt_p68.cpp; sourceTree = "<group>"; };
		D027EF3328382EF100BF3622 /* ch03_drills.cpp */ = {isa = PBXFileReference; lastKnownFileType = sourcecode.cpp.cpp; path = ch03_drills.cpp; sourceTree = "<group>"; };
		D027EF3528382EF100BF3622 /* ch03_tt_p81.cpp */ = {isa = PBXFileReference; lastKnownFileType = sourcecode.cpp.cpp; path = ch03_tt_p81.cpp; sourceTree = "<group>"; };
		D027EF3A2838302100BF3622 /* Chapter 3 */ = {isa = PBXFileReference; explicitFileType = "compiled.mach-o.executable"; includeInIndex = 0; path = "Chapter 3"; sourceTree = BUILT_PRODUCTS_DIR; };
		D027EF3C2838302100BF3622 /* ch03_000_main.cpp */ = {isa = PBXFileReference; lastKnownFileType = sourcecode.cpp.cpp; path = ch03_000_main.cpp; sourceTree = "<group>"; };
		D03A74EB283A4650000F4293 /* std_lib_facilities.h */ = {isa = PBXFileReference; lastKnownFileType = sourcecode.c.h; path = std_lib_facilities.h; sourceTree = "<group>"; };
		D0E1DF7728383E00007FFFB1 /* Chapter 4 */ = {isa = PBXFileReference; explicitFileType = "compiled.mach-o.executable"; includeInIndex = 0; path = "Chapter 4"; sourceTree = BUILT_PRODUCTS_DIR; };
		D0E1DF7928383E00007FFFB1 /* ch04_000_main.cpp */ = {isa = PBXFileReference; lastKnownFileType = sourcecode.cpp.cpp; path = ch04_000_main.cpp; sourceTree = "<group>"; };
		D0E1DF7E28383E29007FFFB1 /* ch04_tt_p11.cpp */ = {isa = PBXFileReference; lastKnownFileType = sourcecode.cpp.cpp; path = ch04_tt_p11.cpp; sourceTree = "<group>"; };
		D0E1DF7F28383E29007FFFB1 /* ch04_tt_p105.cpp */ = {isa = PBXFileReference; lastKnownFileType = sourcecode.cpp.cpp; path = ch04_tt_p105.cpp; sourceTree = "<group>"; };
		D0E1DF8028383E29007FFFB1 /* ch04_tt_p116.cpp */ = {isa = PBXFileReference; lastKnownFileType = sourcecode.cpp.cpp; path = ch04_tt_p116.cpp; sourceTree = "<group>"; };
		D0E1DF8128383E29007FFFB1 /* ch04_tt_p125.cpp */ = {isa = PBXFileReference; lastKnownFileType = sourcecode.cpp.cpp; path = ch04_tt_p125.cpp; sourceTree = "<group>"; };
		D0E1DF8228383E29007FFFB1 /* ch04_tt_p109.cpp */ = {isa = PBXFileReference; lastKnownFileType = sourcecode.cpp.cpp; path = ch04_tt_p109.cpp; sourceTree = "<group>"; };
		D0E1DF8328383E29007FFFB1 /* ch04_drill_1_to_5.cpp */ = {isa = PBXFileReference; lastKnownFileType = sourcecode.cpp.cpp; path = ch04_drill_1_to_5.cpp; sourceTree = "<group>"; };
		D0E1DF8428383E29007FFFB1 /* std_lib_facilities.h */ = {isa = PBXFileReference; lastKnownFileType = sourcecode.c.h; path = std_lib_facilities.h; sourceTree = "<group>"; };
		D0E1DF8528383E29007FFFB1 /* ch04_tt_p113.cpp */ = {isa = PBXFileReference; lastKnownFileType = sourcecode.cpp.cpp; path = ch04_tt_p113.cpp; sourceTree = "<group>"; };
		D0E1DF8728383E29007FFFB1 /* ch04_000_main.h */ = {isa = PBXFileReference; lastKnownFileType = sourcecode.c.h; path = ch04_000_main.h; sourceTree = "<group>"; };
		D0E1DF8828383E29007FFFB1 /* ch04_drill_6_to_11.cpp */ = {isa = PBXFileReference; lastKnownFileType = sourcecode.cpp.cpp; path = ch04_drill_6_to_11.cpp; sourceTree = "<group>"; };
		D0E1DF9628385635007FFFB1 /* Chapter 5 */ = {isa = PBXFileReference; explicitFileType = "compiled.mach-o.executable"; includeInIndex = 0; path = "Chapter 5"; sourceTree = BUILT_PRODUCTS_DIR; };
		D0E1DF9828385635007FFFB1 /* ch05_000_main.cpp */ = {isa = PBXFileReference; lastKnownFileType = sourcecode.cpp.cpp; path = ch05_000_main.cpp; sourceTree = "<group>"; };
		D0E1DF9D28385652007FFFB1 /* ch05_tt_p157.cpp */ = {isa = PBXFileReference; lastKnownFileType = sourcecode.cpp.cpp; path = ch05_tt_p157.cpp; sourceTree = "<group>"; };
		D0E1DF9E28385652007FFFB1 /* ch05_tt_p166.cpp */ = {isa = PBXFileReference; lastKnownFileType = sourcecode.cpp.cpp; path = ch05_tt_p166.cpp; sourceTree = "<group>"; };
		D0E1DF9F28385652007FFFB1 /* ch05_tt_p146.cpp */ = {isa = PBXFileReference; lastKnownFileType = sourcecode.cpp.cpp; path = ch05_tt_p146.cpp; sourceTree = "<group>"; };
		D0E1DFA028385652007FFFB1 /* ch05_tt_p138_p139.cpp */ = {isa = PBXFileReference; lastKnownFileType = sourcecode.cpp.cpp; path = ch05_tt_p138_p139.cpp; sourceTree = "<group>"; };
		D0E1DFA128385652007FFFB1 /* std_lib_facilities.h */ = {isa = PBXFileReference; lastKnownFileType = sourcecode.c.h; path = std_lib_facilities.h; sourceTree = "<group>"; };
		D0E1DFA328385653007FFFB1 /* ch05_tt_p153.cpp */ = {isa = PBXFileReference; lastKnownFileType = sourcecode.cpp.cpp; path = ch05_tt_p153.cpp; sourceTree = "<group>"; };
		D0E1DFA428385653007FFFB1 /* ch05_tt_p155_p156.cpp */ = {isa = PBXFileReference; lastKnownFileType = sourcecode.cpp.cpp; path = ch05_tt_p155_p156.cpp; sourceTree = "<group>"; };
		D0E1DFA528385653007FFFB1 /* ch05_drill.cpp */ = {isa = PBXFileReference; lastKnownFileType = sourcecode.cpp.cpp; path = ch05_drill.cpp; sourceTree = "<group>"; };
		D0E1DFA628385653007FFFB1 /* ch05_000_main.h */ = {isa = PBXFileReference; lastKnownFileType = sourcecode.c.h; path = ch05_000_main.h; sourceTree = "<group>"; };
		D0E1DFB32838589D007FFFB1 /* Chapter 6 */ = {isa = PBXFileReference; explicitFileType = "compiled.mach-o.executable"; includeInIndex = 0; path = "Chapter 6"; sourceTree = BUILT_PRODUCTS_DIR; };
		D0E1DFB52838589D007FFFB1 /* ch06_drills.cpp */ = {isa = PBXFileReference; lastKnownFileType = sourcecode.cpp.cpp; path = ch06_drills.cpp; sourceTree = "<group>"; };
		D0E1DFBA283858A7007FFFB1 /* std_lib_facilities.h */ = {isa = PBXFileReference; lastKnownFileType = sourcecode.c.h; path = std_lib_facilities.h; sourceTree = "<group>"; };
		D0E1DFC128385CF8007FFFB1 /* Chapter 7 */ = {isa = PBXFileReference; explicitFileType = "compiled.mach-o.executable"; includeInIndex = 0; path = "Chapter 7"; sourceTree = BUILT_PRODUCTS_DIR; };
		D0E1DFC328385CF8007FFFB1 /* ch07_000_main.cpp */ = {isa = PBXFileReference; lastKnownFileType = sourcecode.cpp.cpp; path = ch07_000_main.cpp; sourceTree = "<group>"; };
		D0E1DFC828385D00007FFFB1 /* ch07_tt.cpp */ = {isa = PBXFileReference; lastKnownFileType = sourcecode.cpp.cpp; path = ch07_tt.cpp; sourceTree = "<group>"; };
		D0E1DFC928385D00007FFFB1 /* std_lib_facilities.h */ = {isa = PBXFileReference; lastKnownFileType = sourcecode.c.h; path = std_lib_facilities.h; sourceTree = "<group>"; };
		D0E1DFCA28385D00007FFFB1 /* ch07_000_main.h */ = {isa = PBXFileReference; lastKnownFileType = sourcecode.c.h; path = ch07_000_main.h; sourceTree = "<group>"; };
		D0E1DFCC28385D00007FFFB1 /* ch07_drill.cpp */ = {isa = PBXFileReference; lastKnownFileType = sourcecode.cpp.cpp; path = ch07_drill.cpp; sourceTree = "<group>"; };
		D0E1DFCD28385D00007FFFB1 /* ch07_calculator08buggy.cpp */ = {isa = PBXFileReference; lastKnownFileType = sourcecode.cpp.cpp; path = ch07_calculator08buggy.cpp; sourceTree = "<group>"; };
		D0E1DFD6283863BC007FFFB1 /* Chapter 8 */ = {isa = PBXFileReference; explicitFileType = "compiled.mach-o.executable"; includeInIndex = 0; path = "Chapter 8"; sourceTree = BUILT_PRODUCTS_DIR; };
		D0E1DFD8283863BC007FFFB1 /* ch08_000_main.cpp */ = {isa = PBXFileReference; lastKnownFileType = sourcecode.cpp.cpp; path = ch08_000_main.cpp; sourceTree = "<group>"; };
		D0E1DFDD2838644B007FFFB1 /* ch08_000_main.h */ = {isa = PBXFileReference; lastKnownFileType = sourcecode.c.h; path = ch08_000_main.h; sourceTree = "<group>"; };
		D0E1DFDE2838644B007FFFB1 /* my.h */ = {isa = PBXFileReference; lastKnownFileType = sourcecode.c.h; path = my.h; sourceTree = "<group>"; };
		D0E1DFE02838644B007FFFB1 /* ch08_drill_01.cpp */ = {isa = PBXFileReference; lastKnownFileType = sourcecode.cpp.cpp; path = ch08_drill_01.cpp; sourceTree = "<group>"; };
		D0E1DFE12838644B007FFFB1 /* ch08_drill_02.cpp */ = {isa = PBXFileReference; lastKnownFileType = sourcecode.cpp.cpp; path = ch08_drill_02.cpp; sourceTree = "<group>"; };
		D0E1DFE22838644B007FFFB1 /* ch08_drill_03.cpp */ = {isa = PBXFileReference; lastKnownFileType = sourcecode.cpp.cpp; path = ch08_drill_03.cpp; sourceTree = "<group>"; };
		D0E1DFE32838644B007FFFB1 /* std_lib_facilities.h */ = {isa = PBXFileReference; lastKnownFileType = sourcecode.c.h; path = std_lib_facilities.h; sourceTree = "<group>"; };
		D0E1DFE42838644B007FFFB1 /* my.cpp */ = {isa = PBXFileReference; lastKnownFileType = sourcecode.cpp.cpp; path = my.cpp; sourceTree = "<group>"; };
		D0E1DFEE283867FF007FFFB1 /* Chapter 9 */ = {isa = PBXFileReference; explicitFileType = "compiled.mach-o.executable"; includeInIndex = 0; path = "Chapter 9"; sourceTree = BUILT_PRODUCTS_DIR; };
		D0E1DFF0283867FF007FFFB1 /* ch09_000_main.cpp */ = {isa = PBXFileReference; lastKnownFileType = sourcecode.cpp.cpp; path = ch09_000_main.cpp; sourceTree = "<group>"; };
		D0E1DFF628386809007FFFB1 /* ch09_000_main.h */ = {isa = PBXFileReference; lastKnownFileType = sourcecode.c.h; path = ch09_000_main.h; sourceTree = "<group>"; };
		D0E1DFF728386809007FFFB1 /* ch09_drill_02.cpp */ = {isa = PBXFileReference; lastKnownFileType = sourcecode.cpp.cpp; path = ch09_drill_02.cpp; sourceTree = "<group>"; };
		D0E1DFF828386809007FFFB1 /* ch09_chrono.cpp */ = {isa = PBXFileReference; lastKnownFileType = sourcecode.cpp.cpp; path = ch09_chrono.cpp; sourceTree = "<group>"; };
		D0E1DFF92838680A007FFFB1 /* ch09_drill_04.cpp */ = {isa = PBXFileReference; lastKnownFileType = sourcecode.cpp.cpp; path = ch09_drill_04.cpp; sourceTree = "<group>"; };
		D0E1DFFA2838680A007FFFB1 /* ch09_chrono.h */ = {isa = PBXFileReference; lastKnownFileType = sourcecode.c.h; path = ch09_chrono.h; sourceTree = "<group>"; };
		D0E1DFFB2838680A007FFFB1 /* ch09_drill_05.cpp */ = {isa = PBXFileReference; lastKnownFileType = sourcecode.cpp.cpp; path = ch09_drill_05.cpp; sourceTree = "<group>"; };
		D0E1DFFC2838680A007FFFB1 /* ch09_drill_01.cpp */ = {isa = PBXFileReference; lastKnownFileType = sourcecode.cpp.cpp; path = ch09_drill_01.cpp; sourceTree = "<group>"; };
		D0E1DFFD2838680A007FFFB1 /* ch09_drill_03.cpp */ = {isa = PBXFileReference; lastKnownFileType = sourcecode.cpp.cpp; path = ch09_drill_03.cpp; sourceTree = "<group>"; };
		D0FD1A2C2837A3F900906BFD /* LICENSE */ = {isa = PBXFileReference; lastKnownFileType = text; name = LICENSE; path = ../LICENSE; sourceTree = "<group>"; };
		D0FD1A332837A3F900906BFD /* README.md */ = {isa = PBXFileReference; lastKnownFileType = net.daringfireball.markdown; name = README.md; path = ../README.md; sourceTree = "<group>"; };
/* End PBXFileReference section */

/* Begin PBXFrameworksBuildPhase section */
		D0112D98283C28D600FA8378 /* Frameworks */ = {
			isa = PBXFrameworksBuildPhase;
			buildActionMask = 2147483647;
			files = (
			);
			runOnlyForDeploymentPostprocessing = 0;
		};
		D0112DA9283C318300FA8378 /* Frameworks */ = {
			isa = PBXFrameworksBuildPhase;
			buildActionMask = 2147483647;
			files = (
			);
			runOnlyForDeploymentPostprocessing = 0;
		};
		D027EF372838302100BF3622 /* Frameworks */ = {
			isa = PBXFrameworksBuildPhase;
			buildActionMask = 2147483647;
			files = (
			);
			runOnlyForDeploymentPostprocessing = 0;
		};
		D0E1DF7428383E00007FFFB1 /* Frameworks */ = {
			isa = PBXFrameworksBuildPhase;
			buildActionMask = 2147483647;
			files = (
			);
			runOnlyForDeploymentPostprocessing = 0;
		};
		D0E1DF9328385635007FFFB1 /* Frameworks */ = {
			isa = PBXFrameworksBuildPhase;
			buildActionMask = 2147483647;
			files = (
			);
			runOnlyForDeploymentPostprocessing = 0;
		};
		D0E1DFB02838589D007FFFB1 /* Frameworks */ = {
			isa = PBXFrameworksBuildPhase;
			buildActionMask = 2147483647;
			files = (
			);
			runOnlyForDeploymentPostprocessing = 0;
		};
		D0E1DFBE28385CF8007FFFB1 /* Frameworks */ = {
			isa = PBXFrameworksBuildPhase;
			buildActionMask = 2147483647;
			files = (
			);
			runOnlyForDeploymentPostprocessing = 0;
		};
		D0E1DFD3283863BC007FFFB1 /* Frameworks */ = {
			isa = PBXFrameworksBuildPhase;
			buildActionMask = 2147483647;
			files = (
			);
			runOnlyForDeploymentPostprocessing = 0;
		};
		D0E1DFEB283867FF007FFFB1 /* Frameworks */ = {
			isa = PBXFrameworksBuildPhase;
			buildActionMask = 2147483647;
			files = (
			);
			runOnlyForDeploymentPostprocessing = 0;
		};
/* End PBXFrameworksBuildPhase section */

/* Begin PBXGroup section */
		D0112D9C283C28D600FA8378 /* Chapter 10 */ = {
			isa = PBXGroup;
			children = (
				D0112DA5283C28E200FA8378 /* ch10_000_main.h */,
				D0112DA2283C28E200FA8378 /* ch10_drills.cpp */,
				D0112DA4283C28E200FA8378 /* points.txt */,
				D0112D9D283C28D600FA8378 /* ch10_000_main.cpp */,
			);
			path = "Chapter 10";
			sourceTree = "<group>";
		};
		D0112DAD283C318300FA8378 /* Calculator */ = {
			isa = PBXGroup;
			children = (
				D0112DB3283C318C00FA8378 /* std_lib_facilities.h */,
				D0112DAE283C318300FA8378 /* Calculator_v00.cpp */,
			);
			path = Calculator;
			sourceTree = "<group>";
		};
		D027EF3B2838302100BF3622 /* Chapter 3 */ = {
			isa = PBXGroup;
			children = (
				D027EF3028382EF100BF3622 /* ch03_000_main.h */,
				D027EF3328382EF100BF3622 /* ch03_drills.cpp */,
				D027EF3128382EF100BF3622 /* ch03_tt_p65.cpp */,
				D027EF3228382EF100BF3622 /* ch03_tt_p68.cpp */,
				D027EF2E28382EF100BF3622 /* ch03_tt_p75.cpp */,
				D027EF3528382EF100BF3622 /* ch03_tt_p81.cpp */,
				D027EF2F28382EF100BF3622 /* std_lib_facilities.h */,
				D027EF3C2838302100BF3622 /* ch03_000_main.cpp */,
			);
			path = "Chapter 3";
			sourceTree = SOURCE_ROOT;
		};
		D0E1DF7828383E00007FFFB1 /* Chapter 4 */ = {
			isa = PBXGroup;
			children = (
				D0E1DF8728383E29007FFFB1 /* ch04_000_main.h */,
				D0E1DF8328383E29007FFFB1 /* ch04_drill_1_to_5.cpp */,
				D0E1DF8828383E29007FFFB1 /* ch04_drill_6_to_11.cpp */,
				D0E1DF7E28383E29007FFFB1 /* ch04_tt_p11.cpp */,
				D0E1DF7F28383E29007FFFB1 /* ch04_tt_p105.cpp */,
				D0E1DF8228383E29007FFFB1 /* ch04_tt_p109.cpp */,
				D0E1DF8528383E29007FFFB1 /* ch04_tt_p113.cpp */,
				D0E1DF8028383E29007FFFB1 /* ch04_tt_p116.cpp */,
				D0E1DF8128383E29007FFFB1 /* ch04_tt_p125.cpp */,
				D0E1DF8428383E29007FFFB1 /* std_lib_facilities.h */,
				D0E1DF7928383E00007FFFB1 /* ch04_000_main.cpp */,
			);
			path = "Chapter 4";
			sourceTree = "<group>";
		};
		D0E1DF9728385635007FFFB1 /* Chapter 5 */ = {
			isa = PBXGroup;
			children = (
				D0E1DFA628385653007FFFB1 /* ch05_000_main.h */,
				D0E1DFA528385653007FFFB1 /* ch05_drill.cpp */,
				D0E1DFA028385652007FFFB1 /* ch05_tt_p138_p139.cpp */,
				D0E1DF9F28385652007FFFB1 /* ch05_tt_p146.cpp */,
				D0E1DFA328385653007FFFB1 /* ch05_tt_p153.cpp */,
				D0E1DFA428385653007FFFB1 /* ch05_tt_p155_p156.cpp */,
				D0E1DF9D28385652007FFFB1 /* ch05_tt_p157.cpp */,
				D0E1DF9E28385652007FFFB1 /* ch05_tt_p166.cpp */,
				D0E1DFA128385652007FFFB1 /* std_lib_facilities.h */,
				D0E1DF9828385635007FFFB1 /* ch05_000_main.cpp */,
			);
			path = "Chapter 5";
			sourceTree = "<group>";
		};
		D0E1DFB42838589D007FFFB1 /* Chapter 6 */ = {
			isa = PBXGroup;
			children = (
				D0E1DFBA283858A7007FFFB1 /* std_lib_facilities.h */,
				D0E1DFB52838589D007FFFB1 /* ch06_drills.cpp */,
			);
			path = "Chapter 6";
			sourceTree = "<group>";
		};
		D0E1DFC228385CF8007FFFB1 /* Chapter 7 */ = {
			isa = PBXGroup;
			children = (
				D0E1DFCA28385D00007FFFB1 /* ch07_000_main.h */,
				D0E1DFCD28385D00007FFFB1 /* ch07_calculator08buggy.cpp */,
				D0E1DFCC28385D00007FFFB1 /* ch07_drill.cpp */,
				D0E1DFC828385D00007FFFB1 /* ch07_tt.cpp */,
				D0E1DFC928385D00007FFFB1 /* std_lib_facilities.h */,
				D0E1DFC328385CF8007FFFB1 /* ch07_000_main.cpp */,
			);
			path = "Chapter 7";
			sourceTree = "<group>";
		};
		D0E1DFD7283863BC007FFFB1 /* Chapter 8 */ = {
			isa = PBXGroup;
			children = (
				D0E1DFDD2838644B007FFFB1 /* ch08_000_main.h */,
				D0E1DFE02838644B007FFFB1 /* ch08_drill_01.cpp */,
				D0E1DFE12838644B007FFFB1 /* ch08_drill_02.cpp */,
				D0E1DFE22838644B007FFFB1 /* ch08_drill_03.cpp */,
				D0E1DFE42838644B007FFFB1 /* my.cpp */,
				D0E1DFDE2838644B007FFFB1 /* my.h */,
				D0E1DFE32838644B007FFFB1 /* std_lib_facilities.h */,
				D0E1DFD8283863BC007FFFB1 /* ch08_000_main.cpp */,
			);
			path = "Chapter 8";
			sourceTree = "<group>";
		};
		D0E1DFEF283867FF007FFFB1 /* Chapter 9 */ = {
			isa = PBXGroup;
			children = (
				D03A74EB283A4650000F4293 /* std_lib_facilities.h */,
				D0E1DFF628386809007FFFB1 /* ch09_000_main.h */,
				D0E1DFF828386809007FFFB1 /* ch09_chrono.cpp */,
				D0E1DFFA2838680A007FFFB1 /* ch09_chrono.h */,
				D0E1DFFC2838680A007FFFB1 /* ch09_drill_01.cpp */,
				D0E1DFF728386809007FFFB1 /* ch09_drill_02.cpp */,
				D0E1DFFD2838680A007FFFB1 /* ch09_drill_03.cpp */,
				D0E1DFF92838680A007FFFB1 /* ch09_drill_04.cpp */,
				D0E1DFFB2838680A007FFFB1 /* ch09_drill_05.cpp */,
				D0E1DFF0283867FF007FFFB1 /* ch09_000_main.cpp */,
			);
			path = "Chapter 9";
			sourceTree = "<group>";
		};
		D0FD1A162837A2F800906BFD = {
			isa = PBXGroup;
			children = (
				D0112DB6283C359B00FA8378 /* .gitignore */,
				D0FD1A2C2837A3F900906BFD /* LICENSE */,
				D0FD1A332837A3F900906BFD /* README.md */,
				D027EF3B2838302100BF3622 /* Chapter 3 */,
				D0E1DF7828383E00007FFFB1 /* Chapter 4 */,
				D0E1DF9728385635007FFFB1 /* Chapter 5 */,
				D0E1DFB42838589D007FFFB1 /* Chapter 6 */,
				D0E1DFC228385CF8007FFFB1 /* Chapter 7 */,
				D0E1DFD7283863BC007FFFB1 /* Chapter 8 */,
				D0E1DFEF283867FF007FFFB1 /* Chapter 9 */,
				D0112D9C283C28D600FA8378 /* Chapter 10 */,
				D0112DAD283C318300FA8378 /* Calculator */,
				D0FD1A202837A2F900906BFD /* Products */,
			);
			sourceTree = "<group>";
		};
		D0FD1A202837A2F900906BFD /* Products */ = {
			isa = PBXGroup;
			children = (
				D027EF3A2838302100BF3622 /* Chapter 3 */,
				D0E1DF7728383E00007FFFB1 /* Chapter 4 */,
				D0E1DF9628385635007FFFB1 /* Chapter 5 */,
				D0E1DFB32838589D007FFFB1 /* Chapter 6 */,
				D0E1DFC128385CF8007FFFB1 /* Chapter 7 */,
				D0E1DFD6283863BC007FFFB1 /* Chapter 8 */,
				D0E1DFEE283867FF007FFFB1 /* Chapter 9 */,
				D0112D9B283C28D600FA8378 /* Chapter 10 */,
				D0112DAC283C318300FA8378 /* Calculator */,
			);
			name = Products;
			sourceTree = "<group>";
		};
/* End PBXGroup section */

/* Begin PBXNativeTarget section */
		D0112D9A283C28D600FA8378 /* Chapter 10 */ = {
			isa = PBXNativeTarget;
			buildConfigurationList = D0112DA1283C28D600FA8378 /* Build configuration list for PBXNativeTarget "Chapter 10" */;
			buildPhases = (
				D0112D97283C28D600FA8378 /* Sources */,
				D0112D98283C28D600FA8378 /* Frameworks */,
				D0112D99283C28D600FA8378 /* CopyFiles */,
			);
			buildRules = (
			);
			dependencies = (
			);
			name = "Chapter 10";
			productName = "Chapter 10";
			productReference = D0112D9B283C28D600FA8378 /* Chapter 10 */;
			productType = "com.apple.product-type.tool";
		};
		D0112DAB283C318300FA8378 /* Calculator */ = {
			isa = PBXNativeTarget;
			buildConfigurationList = D0112DB0283C318300FA8378 /* Build configuration list for PBXNativeTarget "Calculator" */;
			buildPhases = (
				D0112DA8283C318300FA8378 /* Sources */,
				D0112DA9283C318300FA8378 /* Frameworks */,
				D0112DAA283C318300FA8378 /* CopyFiles */,
			);
			buildRules = (
			);
			dependencies = (
			);
			name = Calculator;
			productName = Calculator;
			productReference = D0112DAC283C318300FA8378 /* Calculator */;
			productType = "com.apple.product-type.tool";
		};
		D027EF392838302100BF3622 /* Chapter 3 */ = {
			isa = PBXNativeTarget;
			buildConfigurationList = D027EF3E2838302100BF3622 /* Build configuration list for PBXNativeTarget "Chapter 3" */;
			buildPhases = (
				D027EF362838302100BF3622 /* Sources */,
				D027EF372838302100BF3622 /* Frameworks */,
				D027EF382838302100BF3622 /* CopyFiles */,
			);
			buildRules = (
			);
			dependencies = (
			);
			name = "Chapter 3";
			productName = "Chapter 03";
			productReference = D027EF3A2838302100BF3622 /* Chapter 3 */;
			productType = "com.apple.product-type.tool";
		};
		D0E1DF7628383E00007FFFB1 /* Chapter 4 */ = {
			isa = PBXNativeTarget;
			buildConfigurationList = D0E1DF7D28383E00007FFFB1 /* Build configuration list for PBXNativeTarget "Chapter 4" */;
			buildPhases = (
				D0E1DF7328383E00007FFFB1 /* Sources */,
				D0E1DF7428383E00007FFFB1 /* Frameworks */,
				D0E1DF7528383E00007FFFB1 /* CopyFiles */,
			);
			buildRules = (
			);
			dependencies = (
			);
			name = "Chapter 4";
			productName = "Chapter 4";
			productReference = D0E1DF7728383E00007FFFB1 /* Chapter 4 */;
			productType = "com.apple.product-type.tool";
		};
		D0E1DF9528385635007FFFB1 /* Chapter 5 */ = {
			isa = PBXNativeTarget;
			buildConfigurationList = D0E1DF9A28385635007FFFB1 /* Build configuration list for PBXNativeTarget "Chapter 5" */;
			buildPhases = (
				D0E1DF9228385635007FFFB1 /* Sources */,
				D0E1DF9328385635007FFFB1 /* Frameworks */,
				D0E1DF9428385635007FFFB1 /* CopyFiles */,
			);
			buildRules = (
			);
			dependencies = (
			);
			name = "Chapter 5";
			productName = "Chapter 5";
			productReference = D0E1DF9628385635007FFFB1 /* Chapter 5 */;
			productType = "com.apple.product-type.tool";
		};
		D0E1DFB22838589D007FFFB1 /* Chapter 6 */ = {
			isa = PBXNativeTarget;
			buildConfigurationList = D0E1DFB72838589D007FFFB1 /* Build configuration list for PBXNativeTarget "Chapter 6" */;
			buildPhases = (
				D0E1DFAF2838589D007FFFB1 /* Sources */,
				D0E1DFB02838589D007FFFB1 /* Frameworks */,
				D0E1DFB12838589D007FFFB1 /* CopyFiles */,
			);
			buildRules = (
			);
			dependencies = (
			);
			name = "Chapter 6";
			productName = "Chapter 6";
			productReference = D0E1DFB32838589D007FFFB1 /* Chapter 6 */;
			productType = "com.apple.product-type.tool";
		};
		D0E1DFC028385CF8007FFFB1 /* Chapter 7 */ = {
			isa = PBXNativeTarget;
			buildConfigurationList = D0E1DFC528385CF8007FFFB1 /* Build configuration list for PBXNativeTarget "Chapter 7" */;
			buildPhases = (
				D0E1DFBD28385CF8007FFFB1 /* Sources */,
				D0E1DFBE28385CF8007FFFB1 /* Frameworks */,
				D0E1DFBF28385CF8007FFFB1 /* CopyFiles */,
			);
			buildRules = (
			);
			dependencies = (
			);
			name = "Chapter 7";
			productName = "Chapter 7";
			productReference = D0E1DFC128385CF8007FFFB1 /* Chapter 7 */;
			productType = "com.apple.product-type.tool";
		};
		D0E1DFD5283863BC007FFFB1 /* Chapter 8 */ = {
			isa = PBXNativeTarget;
			buildConfigurationList = D0E1DFDA283863BC007FFFB1 /* Build configuration list for PBXNativeTarget "Chapter 8" */;
			buildPhases = (
				D0E1DFD2283863BC007FFFB1 /* Sources */,
				D0E1DFD3283863BC007FFFB1 /* Frameworks */,
				D0E1DFD4283863BC007FFFB1 /* CopyFiles */,
			);
			buildRules = (
			);
			dependencies = (
			);
			name = "Chapter 8";
			productName = "Chapter 8";
			productReference = D0E1DFD6283863BC007FFFB1 /* Chapter 8 */;
			productType = "com.apple.product-type.tool";
		};
		D0E1DFED283867FF007FFFB1 /* Chapter 9 */ = {
			isa = PBXNativeTarget;
			buildConfigurationList = D0E1DFF2283867FF007FFFB1 /* Build configuration list for PBXNativeTarget "Chapter 9" */;
			buildPhases = (
				D0E1DFEA283867FF007FFFB1 /* Sources */,
				D0E1DFEB283867FF007FFFB1 /* Frameworks */,
				D0E1DFEC283867FF007FFFB1 /* CopyFiles */,
			);
			buildRules = (
			);
			dependencies = (
			);
			name = "Chapter 9";
			productName = "Chapter 9";
			productReference = D0E1DFEE283867FF007FFFB1 /* Chapter 9 */;
			productType = "com.apple.product-type.tool";
		};
/* End PBXNativeTarget section */

/* Begin PBXProject section */
		D0FD1A172837A2F800906BFD /* Project object */ = {
			isa = PBXProject;
			attributes = {
				LastUpgradeCheck = 1140;
				ORGANIZATIONNAME = "Fredrik J";
				TargetAttributes = {
					D0112D9A283C28D600FA8378 = {
						CreatedOnToolsVersion = 11.4;
					};
					D0112DAB283C318300FA8378 = {
						CreatedOnToolsVersion = 11.4;
					};
					D027EF392838302100BF3622 = {
						CreatedOnToolsVersion = 11.4;
					};
					D0E1DF7628383E00007FFFB1 = {
						CreatedOnToolsVersion = 11.4;
					};
					D0E1DF9528385635007FFFB1 = {
						CreatedOnToolsVersion = 11.4;
					};
					D0E1DFB22838589D007FFFB1 = {
						CreatedOnToolsVersion = 11.4;
					};
					D0E1DFC028385CF8007FFFB1 = {
						CreatedOnToolsVersion = 11.4;
					};
					D0E1DFD5283863BC007FFFB1 = {
						CreatedOnToolsVersion = 11.4;
					};
					D0E1DFED283867FF007FFFB1 = {
						CreatedOnToolsVersion = 11.4;
					};
				};
			};
			buildConfigurationList = D0FD1A1A2837A2F800906BFD /* Build configuration list for PBXProject "stroustrup-ppp-drills" */;
			compatibilityVersion = "Xcode 9.3";
			developmentRegion = en;
			hasScannedForEncodings = 0;
			knownRegions = (
				en,
				Base,
			);
			mainGroup = D0FD1A162837A2F800906BFD;
			productRefGroup = D0FD1A202837A2F900906BFD /* Products */;
			projectDirPath = "";
			projectRoot = "";
			targets = (
				D027EF392838302100BF3622 /* Chapter 3 */,
				D0E1DF7628383E00007FFFB1 /* Chapter 4 */,
				D0E1DF9528385635007FFFB1 /* Chapter 5 */,
				D0E1DFB22838589D007FFFB1 /* Chapter 6 */,
				D0E1DFC028385CF8007FFFB1 /* Chapter 7 */,
				D0E1DFD5283863BC007FFFB1 /* Chapter 8 */,
				D0E1DFED283867FF007FFFB1 /* Chapter 9 */,
				D0112D9A283C28D600FA8378 /* Chapter 10 */,
				D0112DAB283C318300FA8378 /* Calculator */,
			);
		};
/* End PBXProject section */

/* Begin PBXSourcesBuildPhase section */
		D0112D97283C28D600FA8378 /* Sources */ = {
			isa = PBXSourcesBuildPhase;
			buildActionMask = 2147483647;
			files = (
				D0112DA7283C28E200FA8378 /* ch10_drills.cpp in Sources */,
				D0112D9E283C28D600FA8378 /* ch10_000_main.cpp in Sources */,
			);
			runOnlyForDeploymentPostprocessing = 0;
		};
		D0112DA8283C318300FA8378 /* Sources */ = {
			isa = PBXSourcesBuildPhase;
			buildActionMask = 2147483647;
			files = (
				D0112DAF283C318300FA8378 /* Calculator_v00.cpp in Sources */,
			);
			runOnlyForDeploymentPostprocessing = 0;
		};
		D027EF362838302100BF3622 /* Sources */ = {
			isa = PBXSourcesBuildPhase;
			buildActionMask = 2147483647;
			files = (
				D027EF3D2838302100BF3622 /* ch03_000_main.cpp in Sources */,
				D027EF45283830F200BF3622 /* ch03_tt_p81.cpp in Sources */,
				D027EF41283830F200BF3622 /* ch03_drills.cpp in Sources */,
				D027EF46283830F200BF3622 /* ch03_tt_p75.cpp in Sources */,
				D027EF43283830F200BF3622 /* ch03_tt_p68.cpp in Sources */,
				D027EF44283830F200BF3622 /* ch03_tt_p65.cpp in Sources */,
			);
			runOnlyForDeploymentPostprocessing = 0;
		};
		D0E1DF7328383E00007FFFB1 /* Sources */ = {
			isa = PBXSourcesBuildPhase;
			buildActionMask = 2147483647;
			files = (
				D0E1DF8F28383E2A007FFFB1 /* ch04_tt_p109.cpp in Sources */,
				D0E1DF8D28383E2A007FFFB1 /* ch04_tt_p105.cpp in Sources */,
				D0E1DF8A28383E2A007FFFB1 /* ch04_tt_p125.cpp in Sources */,
				D0E1DF8928383E2A007FFFB1 /* ch04_drill_6_to_11.cpp in Sources */,
				D0E1DF8B28383E2A007FFFB1 /* ch04_tt_p116.cpp in Sources */,
				D0E1DF9028383E2A007FFFB1 /* ch04_tt_p113.cpp in Sources */,
				D0E1DF7A28383E00007FFFB1 /* ch04_000_main.cpp in Sources */,
				D0E1DF8C28383E2A007FFFB1 /* ch04_drill_1_to_5.cpp in Sources */,
				D0E1DF9128383E2A007FFFB1 /* ch04_tt_p11.cpp in Sources */,
			);
			runOnlyForDeploymentPostprocessing = 0;
		};
		D0E1DF9228385635007FFFB1 /* Sources */ = {
			isa = PBXSourcesBuildPhase;
			buildActionMask = 2147483647;
			files = (
				D0E1DFAE28385653007FFFB1 /* ch05_tt_p138_p139.cpp in Sources */,
				D0E1DFA728385653007FFFB1 /* ch05_tt_p157.cpp in Sources */,
				D0E1DFAB28385653007FFFB1 /* ch05_drill.cpp in Sources */,
				D0E1DFAD28385653007FFFB1 /* ch05_tt_p146.cpp in Sources */,
				D0E1DFAA28385653007FFFB1 /* ch05_tt_p153.cpp in Sources */,
				D0E1DFAC28385653007FFFB1 /* ch05_tt_p166.cpp in Sources */,
				D0E1DF9928385635007FFFB1 /* ch05_000_main.cpp in Sources */,
				D0E1DFA828385653007FFFB1 /* ch05_tt_p155_p156.cpp in Sources */,
			);
			runOnlyForDeploymentPostprocessing = 0;
		};
		D0E1DFAF2838589D007FFFB1 /* Sources */ = {
			isa = PBXSourcesBuildPhase;
			buildActionMask = 2147483647;
			files = (
				D0E1DFB62838589D007FFFB1 /* ch06_drills.cpp in Sources */,
			);
			runOnlyForDeploymentPostprocessing = 0;
		};
		D0E1DFBD28385CF8007FFFB1 /* Sources */ = {
			isa = PBXSourcesBuildPhase;
			buildActionMask = 2147483647;
			files = (
				D0E1DFC428385CF8007FFFB1 /* ch07_000_main.cpp in Sources */,
				D0E1DFD028385D00007FFFB1 /* ch07_tt.cpp in Sources */,
				D0E1DFCF28385D00007FFFB1 /* ch07_calculator08buggy.cpp in Sources */,
				D0E1DFCE28385D00007FFFB1 /* ch07_drill.cpp in Sources */,
			);
			runOnlyForDeploymentPostprocessing = 0;
		};
		D0E1DFD2283863BC007FFFB1 /* Sources */ = {
			isa = PBXSourcesBuildPhase;
			buildActionMask = 2147483647;
			files = (
				D0E1DFE92838644B007FFFB1 /* my.cpp in Sources */,
				D0E1DFE52838644B007FFFB1 /* ch08_drill_02.cpp in Sources */,
				D0E1DFD9283863BC007FFFB1 /* ch08_000_main.cpp in Sources */,
				D0E1DFE62838644B007FFFB1 /* ch08_drill_03.cpp in Sources */,
				D0E1DFE82838644B007FFFB1 /* ch08_drill_01.cpp in Sources */,
			);
			runOnlyForDeploymentPostprocessing = 0;
		};
		D0E1DFEA283867FF007FFFB1 /* Sources */ = {
			isa = PBXSourcesBuildPhase;
			buildActionMask = 2147483647;
			files = (
				D0E1DFF1283867FF007FFFB1 /* ch09_000_main.cpp in Sources */,
				D0E1E0012838680A007FFFB1 /* ch09_drill_05.cpp in Sources */,
				D0E1E0002838680A007FFFB1 /* ch09_drill_03.cpp in Sources */,
				D0E1E0032838680A007FFFB1 /* ch09_chrono.cpp in Sources */,
				D0E1E0022838680A007FFFB1 /* ch09_drill_01.cpp in Sources */,
				D0E1DFFE2838680A007FFFB1 /* ch09_drill_02.cpp in Sources */,
				D0E1E0042838680A007FFFB1 /* ch09_drill_04.cpp in Sources */,
			);
			runOnlyForDeploymentPostprocessing = 0;
		};
/* End PBXSourcesBuildPhase section */

/* Begin XCBuildConfiguration section */
		D0112D9F283C28D600FA8378 /* Debug */ = {
			isa = XCBuildConfiguration;
			buildSettings = {
				CODE_SIGN_STYLE = Automatic;
				PRODUCT_NAME = "$(TARGET_NAME)";
			};
			name = Debug;
		};
		D0112DA0283C28D600FA8378 /* Release */ = {
			isa = XCBuildConfiguration;
			buildSettings = {
				CODE_SIGN_STYLE = Automatic;
				PRODUCT_NAME = "$(TARGET_NAME)";
			};
			name = Release;
		};
		D0112DB1283C318300FA8378 /* Debug */ = {
			isa = XCBuildConfiguration;
			buildSettings = {
				CODE_SIGN_STYLE = Automatic;
				PRODUCT_NAME = "$(TARGET_NAME)";
			};
			name = Debug;
		};
		D0112DB2283C318300FA8378 /* Release */ = {
			isa = XCBuildConfiguration;
			buildSettings = {
				CODE_SIGN_STYLE = Automatic;
				PRODUCT_NAME = "$(TARGET_NAME)";
			};
			name = Release;
		};
		D027EF3F2838302100BF3622 /* Debug */ = {
			isa = XCBuildConfiguration;
			buildSettings = {
				CODE_SIGN_STYLE = Automatic;
				PRODUCT_NAME = "$(TARGET_NAME)";
			};
			name = Debug;
		};
		D027EF402838302100BF3622 /* Release */ = {
			isa = XCBuildConfiguration;
			buildSettings = {
				CODE_SIGN_STYLE = Automatic;
				PRODUCT_NAME = "$(TARGET_NAME)";
			};
			name = Release;
		};
		D0E1DF7B28383E00007FFFB1 /* Debug */ = {
			isa = XCBuildConfiguration;
			buildSettings = {
				CODE_SIGN_STYLE = Automatic;
				PRODUCT_NAME = "$(TARGET_NAME)";
			};
			name = Debug;
		};
		D0E1DF7C28383E00007FFFB1 /* Release */ = {
			isa = XCBuildConfiguration;
			buildSettings = {
				CODE_SIGN_STYLE = Automatic;
				PRODUCT_NAME = "$(TARGET_NAME)";
			};
			name = Release;
		};
		D0E1DF9B28385635007FFFB1 /* Debug */ = {
			isa = XCBuildConfiguration;
			buildSettings = {
				CODE_SIGN_STYLE = Automatic;
				PRODUCT_NAME = "$(TARGET_NAME)";
			};
			name = Debug;
		};
		D0E1DF9C28385635007FFFB1 /* Release */ = {
			isa = XCBuildConfiguration;
			buildSettings = {
				CODE_SIGN_STYLE = Automatic;
				PRODUCT_NAME = "$(TARGET_NAME)";
			};
			name = Release;
		};
		D0E1DFB82838589D007FFFB1 /* Debug */ = {
			isa = XCBuildConfiguration;
			buildSettings = {
				CODE_SIGN_STYLE = Automatic;
				PRODUCT_NAME = "$(TARGET_NAME)";
			};
			name = Debug;
		};
		D0E1DFB92838589D007FFFB1 /* Release */ = {
			isa = XCBuildConfiguration;
			buildSettings = {
				CODE_SIGN_STYLE = Automatic;
				PRODUCT_NAME = "$(TARGET_NAME)";
			};
			name = Release;
		};
		D0E1DFC628385CF8007FFFB1 /* Debug */ = {
			isa = XCBuildConfiguration;
			buildSettings = {
				CODE_SIGN_STYLE = Automatic;
				PRODUCT_NAME = "$(TARGET_NAME)";
			};
			name = Debug;
		};
		D0E1DFC728385CF8007FFFB1 /* Release */ = {
			isa = XCBuildConfiguration;
			buildSettings = {
				CODE_SIGN_STYLE = Automatic;
				PRODUCT_NAME = "$(TARGET_NAME)";
			};
			name = Release;
		};
		D0E1DFDB283863BC007FFFB1 /* Debug */ = {
			isa = XCBuildConfiguration;
			buildSettings = {
				CODE_SIGN_STYLE = Automatic;
				PRODUCT_NAME = "$(TARGET_NAME)";
			};
			name = Debug;
		};
		D0E1DFDC283863BC007FFFB1 /* Release */ = {
			isa = XCBuildConfiguration;
			buildSettings = {
				CODE_SIGN_STYLE = Automatic;
				PRODUCT_NAME = "$(TARGET_NAME)";
			};
			name = Release;
		};
		D0E1DFF3283867FF007FFFB1 /* Debug */ = {
			isa = XCBuildConfiguration;
			buildSettings = {
				CODE_SIGN_STYLE = Automatic;
				PRODUCT_NAME = "$(TARGET_NAME)";
			};
			name = Debug;
		};
		D0E1DFF4283867FF007FFFB1 /* Release */ = {
			isa = XCBuildConfiguration;
			buildSettings = {
				CODE_SIGN_STYLE = Automatic;
				PRODUCT_NAME = "$(TARGET_NAME)";
			};
			name = Release;
		};
		D0FD1A242837A2F900906BFD /* Debug */ = {
			isa = XCBuildConfiguration;
			buildSettings = {
				ALWAYS_SEARCH_USER_PATHS = NO;
				CLANG_ANALYZER_NONNULL = YES;
				CLANG_ANALYZER_NUMBER_OBJECT_CONVERSION = YES_AGGRESSIVE;
				CLANG_CXX_LANGUAGE_STANDARD = "gnu++14";
				CLANG_CXX_LIBRARY = "libc++";
				CLANG_ENABLE_MODULES = YES;
				CLANG_ENABLE_OBJC_ARC = YES;
				CLANG_ENABLE_OBJC_WEAK = YES;
				CLANG_WARN_BLOCK_CAPTURE_AUTORELEASING = YES;
				CLANG_WARN_BOOL_CONVERSION = YES;
				CLANG_WARN_COMMA = YES;
				CLANG_WARN_CONSTANT_CONVERSION = YES;
				CLANG_WARN_DEPRECATED_OBJC_IMPLEMENTATIONS = YES;
				CLANG_WARN_DIRECT_OBJC_ISA_USAGE = YES_ERROR;
				CLANG_WARN_DOCUMENTATION_COMMENTS = YES;
				CLANG_WARN_EMPTY_BODY = YES;
				CLANG_WARN_ENUM_CONVERSION = YES;
				CLANG_WARN_INFINITE_RECURSION = YES;
				CLANG_WARN_INT_CONVERSION = YES;
				CLANG_WARN_NON_LITERAL_NULL_CONVERSION = YES;
				CLANG_WARN_OBJC_IMPLICIT_RETAIN_SELF = YES;
				CLANG_WARN_OBJC_LITERAL_CONVERSION = YES;
				CLANG_WARN_OBJC_ROOT_CLASS = YES_ERROR;
				CLANG_WARN_RANGE_LOOP_ANALYSIS = YES;
				CLANG_WARN_STRICT_PROTOTYPES = YES;
				CLANG_WARN_SUSPICIOUS_MOVE = YES;
				CLANG_WARN_UNGUARDED_AVAILABILITY = YES_AGGRESSIVE;
				CLANG_WARN_UNREACHABLE_CODE = YES;
				CLANG_WARN__DUPLICATE_METHOD_MATCH = YES;
				COPY_PHASE_STRIP = NO;
				DEBUG_INFORMATION_FORMAT = dwarf;
				ENABLE_STRICT_OBJC_MSGSEND = YES;
				ENABLE_TESTABILITY = YES;
				GCC_C_LANGUAGE_STANDARD = gnu11;
				GCC_DYNAMIC_NO_PIC = NO;
				GCC_NO_COMMON_BLOCKS = YES;
				GCC_OPTIMIZATION_LEVEL = 0;
				GCC_PREPROCESSOR_DEFINITIONS = (
					"DEBUG=1",
					"$(inherited)",
				);
				GCC_WARN_64_TO_32_BIT_CONVERSION = YES;
				GCC_WARN_ABOUT_RETURN_TYPE = YES_ERROR;
				GCC_WARN_UNDECLARED_SELECTOR = YES;
				GCC_WARN_UNINITIALIZED_AUTOS = YES_AGGRESSIVE;
				GCC_WARN_UNUSED_FUNCTION = YES;
				GCC_WARN_UNUSED_VARIABLE = YES;
				MACOSX_DEPLOYMENT_TARGET = 10.15;
				MTL_ENABLE_DEBUG_INFO = INCLUDE_SOURCE;
				MTL_FAST_MATH = YES;
				ONLY_ACTIVE_ARCH = YES;
				SDKROOT = macosx;
			};
			name = Debug;
		};
		D0FD1A252837A2F900906BFD /* Release */ = {
			isa = XCBuildConfiguration;
			buildSettings = {
				ALWAYS_SEARCH_USER_PATHS = NO;
				CLANG_ANALYZER_NONNULL = YES;
				CLANG_ANALYZER_NUMBER_OBJECT_CONVERSION = YES_AGGRESSIVE;
				CLANG_CXX_LANGUAGE_STANDARD = "gnu++14";
				CLANG_CXX_LIBRARY = "libc++";
				CLANG_ENABLE_MODULES = YES;
				CLANG_ENABLE_OBJC_ARC = YES;
				CLANG_ENABLE_OBJC_WEAK = YES;
				CLANG_WARN_BLOCK_CAPTURE_AUTORELEASING = YES;
				CLANG_WARN_BOOL_CONVERSION = YES;
				CLANG_WARN_COMMA = YES;
				CLANG_WARN_CONSTANT_CONVERSION = YES;
				CLANG_WARN_DEPRECATED_OBJC_IMPLEMENTATIONS = YES;
				CLANG_WARN_DIRECT_OBJC_ISA_USAGE = YES_ERROR;
				CLANG_WARN_DOCUMENTATION_COMMENTS = YES;
				CLANG_WARN_EMPTY_BODY = YES;
				CLANG_WARN_ENUM_CONVERSION = YES;
				CLANG_WARN_INFINITE_RECURSION = YES;
				CLANG_WARN_INT_CONVERSION = YES;
				CLANG_WARN_NON_LITERAL_NULL_CONVERSION = YES;
				CLANG_WARN_OBJC_IMPLICIT_RETAIN_SELF = YES;
				CLANG_WARN_OBJC_LITERAL_CONVERSION = YES;
				CLANG_WARN_OBJC_ROOT_CLASS = YES_ERROR;
				CLANG_WARN_RANGE_LOOP_ANALYSIS = YES;
				CLANG_WARN_STRICT_PROTOTYPES = YES;
				CLANG_WARN_SUSPICIOUS_MOVE = YES;
				CLANG_WARN_UNGUARDED_AVAILABILITY = YES_AGGRESSIVE;
				CLANG_WARN_UNREACHABLE_CODE = YES;
				CLANG_WARN__DUPLICATE_METHOD_MATCH = YES;
				COPY_PHASE_STRIP = NO;
				DEBUG_INFORMATION_FORMAT = "dwarf-with-dsym";
				ENABLE_NS_ASSERTIONS = NO;
				ENABLE_STRICT_OBJC_MSGSEND = YES;
				GCC_C_LANGUAGE_STANDARD = gnu11;
				GCC_NO_COMMON_BLOCKS = YES;
				GCC_WARN_64_TO_32_BIT_CONVERSION = YES;
				GCC_WARN_ABOUT_RETURN_TYPE = YES_ERROR;
				GCC_WARN_UNDECLARED_SELECTOR = YES;
				GCC_WARN_UNINITIALIZED_AUTOS = YES_AGGRESSIVE;
				GCC_WARN_UNUSED_FUNCTION = YES;
				GCC_WARN_UNUSED_VARIABLE = YES;
				MACOSX_DEPLOYMENT_TARGET = 10.15;
				MTL_ENABLE_DEBUG_INFO = NO;
				MTL_FAST_MATH = YES;
				SDKROOT = macosx;
			};
			name = Release;
		};
/* End XCBuildConfiguration section */

/* Begin XCConfigurationList section */
		D0112DA1283C28D600FA8378 /* Build configuration list for PBXNativeTarget "Chapter 10" */ = {
			isa = XCConfigurationList;
			buildConfigurations = (
				D0112D9F283C28D600FA8378 /* Debug */,
				D0112DA0283C28D600FA8378 /* Release */,
			);
			defaultConfigurationIsVisible = 0;
			defaultConfigurationName = Release;
		};
		D0112DB0283C318300FA8378 /* Build configuration list for PBXNativeTarget "Calculator" */ = {
			isa = XCConfigurationList;
			buildConfigurations = (
				D0112DB1283C318300FA8378 /* Debug */,
				D0112DB2283C318300FA8378 /* Release */,
			);
			defaultConfigurationIsVisible = 0;
			defaultConfigurationName = Release;
		};
		D027EF3E2838302100BF3622 /* Build configuration list for PBXNativeTarget "Chapter 3" */ = {
			isa = XCConfigurationList;
			buildConfigurations = (
				D027EF3F2838302100BF3622 /* Debug */,
				D027EF402838302100BF3622 /* Release */,
			);
			defaultConfigurationIsVisible = 0;
			defaultConfigurationName = Release;
		};
		D0E1DF7D28383E00007FFFB1 /* Build configuration list for PBXNativeTarget "Chapter 4" */ = {
			isa = XCConfigurationList;
			buildConfigurations = (
				D0E1DF7B28383E00007FFFB1 /* Debug */,
				D0E1DF7C28383E00007FFFB1 /* Release */,
			);
			defaultConfigurationIsVisible = 0;
			defaultConfigurationName = Release;
		};
		D0E1DF9A28385635007FFFB1 /* Build configuration list for PBXNativeTarget "Chapter 5" */ = {
			isa = XCConfigurationList;
			buildConfigurations = (
				D0E1DF9B28385635007FFFB1 /* Debug */,
				D0E1DF9C28385635007FFFB1 /* Release */,
			);
			defaultConfigurationIsVisible = 0;
			defaultConfigurationName = Release;
		};
		D0E1DFB72838589D007FFFB1 /* Build configuration list for PBXNativeTarget "Chapter 6" */ = {
			isa = XCConfigurationList;
			buildConfigurations = (
				D0E1DFB82838589D007FFFB1 /* Debug */,
				D0E1DFB92838589D007FFFB1 /* Release */,
			);
			defaultConfigurationIsVisible = 0;
			defaultConfigurationName = Release;
		};
		D0E1DFC528385CF8007FFFB1 /* Build configuration list for PBXNativeTarget "Chapter 7" */ = {
			isa = XCConfigurationList;
			buildConfigurations = (
				D0E1DFC628385CF8007FFFB1 /* Debug */,
				D0E1DFC728385CF8007FFFB1 /* Release */,
			);
			defaultConfigurationIsVisible = 0;
			defaultConfigurationName = Release;
		};
		D0E1DFDA283863BC007FFFB1 /* Build configuration list for PBXNativeTarget "Chapter 8" */ = {
			isa = XCConfigurationList;
			buildConfigurations = (
				D0E1DFDB283863BC007FFFB1 /* Debug */,
				D0E1DFDC283863BC007FFFB1 /* Release */,
			);
			defaultConfigurationIsVisible = 0;
			defaultConfigurationName = Release;
		};
		D0E1DFF2283867FF007FFFB1 /* Build configuration list for PBXNativeTarget "Chapter 9" */ = {
			isa = XCConfigurationList;
			buildConfigurations = (
				D0E1DFF3283867FF007FFFB1 /* Debug */,
				D0E1DFF4283867FF007FFFB1 /* Release */,
			);
			defaultConfigurationIsVisible = 0;
			defaultConfigurationName = Release;
		};
		D0FD1A1A2837A2F800906BFD /* Build configuration list for PBXProject "stroustrup-ppp-drills" */ = {
			isa = XCConfigurationList;
			buildConfigurations = (
				D0FD1A242837A2F900906BFD /* Debug */,
				D0FD1A252837A2F900906BFD /* Release */,
			);
			defaultConfigurationIsVisible = 0;
			defaultConfigurationName = Release;
		};
/* End XCConfigurationList section */
	};
	rootObject = D0FD1A172837A2F800906BFD /* Project object */;
}
